// !$*UTF8*$!
{
	archiveVersion = 1;
	classes = {
	};
	objectVersion = 77;
	objects = {

/* Begin PBXContainerItemProxy section */
		D786E3BC2E33AEAD00BE592C /* PBXContainerItemProxy */ = {
			isa = PBXContainerItemProxy;
			containerPortal = D786E3A32E33AEA900BE592C /* Project object */;
			proxyType = 1;
			remoteGlobalIDString = D786E3AA2E33AEA900BE592C;
			remoteInfo = Goalr;
		};
		D786E3C62E33AEAD00BE592C /* PBXContainerItemProxy */ = {
			isa = PBXContainerItemProxy;
			containerPortal = D786E3A32E33AEA900BE592C /* Project object */;
			proxyType = 1;
			remoteGlobalIDString = D786E3AA2E33AEA900BE592C;
			remoteInfo = Goalr;
		};
/* End PBXContainerItemProxy section */

/* Begin PBXFileReference section */
		D786E3AB2E33AEA900BE592C /* Goalr.app */ = {isa = PBXFileReference; explicitFileType = wrapper.application; includeInIndex = 0; path = Goalr.app; sourceTree = BUILT_PRODUCTS_DIR; };
		D786E3BB2E33AEAD00BE592C /* GoalrTests.xctest */ = {isa = PBXFileReference; explicitFileType = wrapper.cfbundle; includeInIndex = 0; path = GoalrTests.xctest; sourceTree = BUILT_PRODUCTS_DIR; };
		D786E3C52E33AEAD00BE592C /* GoalrUITests.xctest */ = {isa = PBXFileReference; explicitFileType = wrapper.cfbundle; includeInIndex = 0; path = GoalrUITests.xctest; sourceTree = BUILT_PRODUCTS_DIR; };
/* End PBXFileReference section */

/* Begin PBXFileSystemSynchronizedBuildFileExceptionSet section */
		D786E3DC2E33BC8200BE592C /* Exceptions for "Goalr" folder in "Goalr" target */ = {
			isa = PBXFileSystemSynchronizedBuildFileExceptionSet;
			membershipExceptions = (
				Info.plist,
			);
			target = D786E3AA2E33AEA900BE592C /* Goalr */;
		};
/* End PBXFileSystemSynchronizedBuildFileExceptionSet section */

/* Begin PBXFileSystemSynchronizedRootGroup section */
		D786E3AD2E33AEA900BE592C /* Goalr */ = {
			isa = PBXFileSystemSynchronizedRootGroup;
			exceptions = (
				D786E3DC2E33BC8200BE592C /* Exceptions for "Goalr" folder in "Goalr" target */,
			);
			path = Goalr;
			sourceTree = "<group>";
		};
		D786E3BE2E33AEAD00BE592C /* GoalrTests */ = {
			isa = PBXFileSystemSynchronizedRootGroup;
			path = GoalrTests;
			sourceTree = "<group>";
		};
		D786E3C82E33AEAD00BE592C /* GoalrUITests */ = {
			isa = PBXFileSystemSynchronizedRootGroup;
			path = GoalrUITests;
			sourceTree = "<group>";
		};
/* End PBXFileSystemSynchronizedRootGroup section */

/* Begin PBXFrameworksBuildPhase section */
		D786E3A82E33AEA900BE592C /* Frameworks */ = {
			isa = PBXFrameworksBuildPhase;
			buildActionMask = 2147483647;
			files = (
			);
			runOnlyForDeploymentPostprocessing = 0;
		};
		D786E3B82E33AEAD00BE592C /* Frameworks */ = {
			isa = PBXFrameworksBuildPhase;
			buildActionMask = 2147483647;
			files = (
			);
			runOnlyForDeploymentPostprocessing = 0;
		};
		D786E3C22E33AEAD00BE592C /* Frameworks */ = {
			isa = PBXFrameworksBuildPhase;
			buildActionMask = 2147483647;
			files = (
			);
			runOnlyForDeploymentPostprocessing = 0;
		};
/* End PBXFrameworksBuildPhase section */

/* Begin PBXGroup section */
		D786E3A22E33AEA900BE592C = {
			isa = PBXGroup;
			children = (
				D786E3AD2E33AEA900BE592C /* Goalr */,
				D786E3BE2E33AEAD00BE592C /* GoalrTests */,
				D786E3C82E33AEAD00BE592C /* GoalrUITests */,
				D786E3AC2E33AEA900BE592C /* Products */,
			);
			sourceTree = "<group>";
		};
		D786E3AC2E33AEA900BE592C /* Products */ = {
			isa = PBXGroup;
			children = (
				D786E3AB2E33AEA900BE592C /* Goalr.app */,
				D786E3BB2E33AEAD00BE592C /* GoalrTests.xctest */,
				D786E3C52E33AEAD00BE592C /* GoalrUITests.xctest */,
			);
			name = Products;
			sourceTree = "<group>";
		};
/* End PBXGroup section */

/* Begin PBXNativeTarget section */
		D786E3AA2E33AEA900BE592C /* Goalr */ = {
			isa = PBXNativeTarget;
			buildConfigurationList = D786E3CF2E33AEAD00BE592C /* Build configuration list for PBXNativeTarget "Goalr" */;
			buildPhases = (
				D786E3A72E33AEA900BE592C /* Sources */,
				D786E3A82E33AEA900BE592C /* Frameworks */,
				D786E3A92E33AEA900BE592C /* Resources */,
			);
			buildRules = (
			);
			dependencies = (
			);
			fileSystemSynchronizedGroups = (
				D786E3AD2E33AEA900BE592C /* Goalr */,
			);
			name = Goalr;
			packageProductDependencies = (
			);
			productName = Goalr;
			productReference = D786E3AB2E33AEA900BE592C /* Goalr.app */;
			productType = "com.apple.product-type.application";
		};
		D786E3BA2E33AEAD00BE592C /* GoalrTests */ = {
			isa = PBXNativeTarget;
			buildConfigurationList = D786E3D22E33AEAD00BE592C /* Build configuration list for PBXNativeTarget "GoalrTests" */;
			buildPhases = (
				D786E3B72E33AEAD00BE592C /* Sources */,
				D786E3B82E33AEAD00BE592C /* Frameworks */,
				D786E3B92E33AEAD00BE592C /* Resources */,
			);
			buildRules = (
			);
			dependencies = (
				D786E3BD2E33AEAD00BE592C /* PBXTargetDependency */,
			);
			fileSystemSynchronizedGroups = (
				D786E3BE2E33AEAD00BE592C /* GoalrTests */,
			);
			name = GoalrTests;
			packageProductDependencies = (
			);
			productName = GoalrTests;
			productReference = D786E3BB2E33AEAD00BE592C /* GoalrTests.xctest */;
			productType = "com.apple.product-type.bundle.unit-test";
		};
		D786E3C42E33AEAD00BE592C /* GoalrUITests */ = {
			isa = PBXNativeTarget;
			buildConfigurationList = D786E3D52E33AEAD00BE592C /* Build configuration list for PBXNativeTarget "GoalrUITests" */;
			buildPhases = (
				D786E3C12E33AEAD00BE592C /* Sources */,
				D786E3C22E33AEAD00BE592C /* Frameworks */,
				D786E3C32E33AEAD00BE592C /* Resources */,
			);
			buildRules = (
			);
			dependencies = (
				D786E3C72E33AEAD00BE592C /* PBXTargetDependency */,
			);
			fileSystemSynchronizedGroups = (
				D786E3C82E33AEAD00BE592C /* GoalrUITests */,
			);
			name = GoalrUITests;
			packageProductDependencies = (
			);
			productName = GoalrUITests;
			productReference = D786E3C52E33AEAD00BE592C /* GoalrUITests.xctest */;
			productType = "com.apple.product-type.bundle.ui-testing";
		};
/* End PBXNativeTarget section */

/* Begin PBXProject section */
		D786E3A32E33AEA900BE592C /* Project object */ = {
			isa = PBXProject;
			attributes = {
				BuildIndependentTargetsInParallel = 1;
				LastSwiftUpdateCheck = 1620;
				LastUpgradeCheck = 1620;
				TargetAttributes = {
					D786E3AA2E33AEA900BE592C = {
						CreatedOnToolsVersion = 16.2;
					};
					D786E3BA2E33AEAD00BE592C = {
						CreatedOnToolsVersion = 16.2;
						TestTargetID = D786E3AA2E33AEA900BE592C;
					};
					D786E3C42E33AEAD00BE592C = {
						CreatedOnToolsVersion = 16.2;
						TestTargetID = D786E3AA2E33AEA900BE592C;
					};
				};
			};
			buildConfigurationList = D786E3A62E33AEA900BE592C /* Build configuration list for PBXProject "Goalr" */;
			developmentRegion = en;
			hasScannedForEncodings = 0;
			knownRegions = (
				en,
				Base,
			);
			mainGroup = D786E3A22E33AEA900BE592C;
			minimizedProjectReferenceProxies = 1;
			preferredProjectObjectVersion = 77;
			productRefGroup = D786E3AC2E33AEA900BE592C /* Products */;
			projectDirPath = "";
			projectRoot = "";
			targets = (
				D786E3AA2E33AEA900BE592C /* Goalr */,
				D786E3BA2E33AEAD00BE592C /* GoalrTests */,
				D786E3C42E33AEAD00BE592C /* GoalrUITests */,
			);
		};
/* End PBXProject section */

/* Begin PBXResourcesBuildPhase section */
		D786E3A92E33AEA900BE592C /* Resources */ = {
			isa = PBXResourcesBuildPhase;
			buildActionMask = 2147483647;
			files = (
			);
			runOnlyForDeploymentPostprocessing = 0;
		};
		D786E3B92E33AEAD00BE592C /* Resources */ = {
			isa = PBXResourcesBuildPhase;
			buildActionMask = 2147483647;
			files = (
			);
			runOnlyForDeploymentPostprocessing = 0;
		};
		D786E3C32E33AEAD00BE592C /* Resources */ = {
			isa = PBXResourcesBuildPhase;
			buildActionMask = 2147483647;
			files = (
			);
			runOnlyForDeploymentPostprocessing = 0;
		};
/* End PBXResourcesBuildPhase section */

/* Begin PBXSourcesBuildPhase section */
		D786E3A72E33AEA900BE592C /* Sources */ = {
			isa = PBXSourcesBuildPhase;
			buildActionMask = 2147483647;
			files = (
			);
			runOnlyForDeploymentPostprocessing = 0;
		};
		D786E3B72E33AEAD00BE592C /* Sources */ = {
			isa = PBXSourcesBuildPhase;
			buildActionMask = 2147483647;
			files = (
			);
			runOnlyForDeploymentPostprocessing = 0;
		};
		D786E3C12E33AEAD00BE592C /* Sources */ = {
			isa = PBXSourcesBuildPhase;
			buildActionMask = 2147483647;
			files = (
			);
			runOnlyForDeploymentPostprocessing = 0;
		};
/* End PBXSourcesBuildPhase section */

/* Begin PBXTargetDependency section */
		D786E3BD2E33AEAD00BE592C /* PBXTargetDependency */ = {
			isa = PBXTargetDependency;
			target = D786E3AA2E33AEA900BE592C /* Goalr */;
			targetProxy = D786E3BC2E33AEAD00BE592C /* PBXContainerItemProxy */;
		};
		D786E3C72E33AEAD00BE592C /* PBXTargetDependency */ = {
			isa = PBXTargetDependency;
			target = D786E3AA2E33AEA900BE592C /* Goalr */;
			targetProxy = D786E3C62E33AEAD00BE592C /* PBXContainerItemProxy */;
		};
/* End PBXTargetDependency section */

/* Begin XCBuildConfiguration section */
		D786E3CD2E33AEAD00BE592C /* Debug */ = {
			isa = XCBuildConfiguration;
			buildSettings = {
				ALWAYS_SEARCH_USER_PATHS = NO;
				ASSETCATALOG_COMPILER_GENERATE_SWIFT_ASSET_SYMBOL_EXTENSIONS = YES;
				CLANG_ANALYZER_NONNULL = YES;
				CLANG_ANALYZER_NUMBER_OBJECT_CONVERSION = YES_AGGRESSIVE;
				CLANG_CXX_LANGUAGE_STANDARD = "gnu++20";
				CLANG_ENABLE_MODULES = YES;
				CLANG_ENABLE_OBJC_ARC = YES;
				CLANG_ENABLE_OBJC_WEAK = YES;
				CLANG_WARN_BLOCK_CAPTURE_AUTORELEASING = YES;
				CLANG_WARN_BOOL_CONVERSION = YES;
				CLANG_WARN_COMMA = YES;
				CLANG_WARN_CONSTANT_CONVERSION = YES;
				CLANG_WARN_DEPRECATED_OBJC_IMPLEMENTATIONS = YES;
				CLANG_WARN_DIRECT_OBJC_ISA_USAGE = YES_ERROR;
				CLANG_WARN_DOCUMENTATION_COMMENTS = YES;
				CLANG_WARN_EMPTY_BODY = YES;
				CLANG_WARN_ENUM_CONVERSION = YES;
				CLANG_WARN_INFINITE_RECURSION = YES;
				CLANG_WARN_INT_CONVERSION = YES;
				CLANG_WARN_NON_LITERAL_NULL_CONVERSION = YES;
				CLANG_WARN_OBJC_IMPLICIT_RETAIN_SELF = YES;
				CLANG_WARN_OBJC_LITERAL_CONVERSION = YES;
				CLANG_WARN_OBJC_ROOT_CLASS = YES_ERROR;
				CLANG_WARN_QUOTED_INCLUDE_IN_FRAMEWORK_HEADER = YES;
				CLANG_WARN_RANGE_LOOP_ANALYSIS = YES;
				CLANG_WARN_STRICT_PROTOTYPES = YES;
				CLANG_WARN_SUSPICIOUS_MOVE = YES;
				CLANG_WARN_UNGUARDED_AVAILABILITY = YES_AGGRESSIVE;
				CLANG_WARN_UNREACHABLE_CODE = YES;
				CLANG_WARN__DUPLICATE_METHOD_MATCH = YES;
				COPY_PHASE_STRIP = NO;
				DEBUG_INFORMATION_FORMAT = dwarf;
				ENABLE_STRICT_OBJC_MSGSEND = YES;
				ENABLE_TESTABILITY = YES;
				ENABLE_USER_SCRIPT_SANDBOXING = YES;
				GCC_C_LANGUAGE_STANDARD = gnu17;
				GCC_DYNAMIC_NO_PIC = NO;
				GCC_NO_COMMON_BLOCKS = YES;
				GCC_OPTIMIZATION_LEVEL = 0;
				GCC_PREPROCESSOR_DEFINITIONS = (
					"DEBUG=1",
					"$(inherited)",
				);
				GCC_WARN_64_TO_32_BIT_CONVERSION = YES;
				GCC_WARN_ABOUT_RETURN_TYPE = YES_ERROR;
				GCC_WARN_UNDECLARED_SELECTOR = YES;
				GCC_WARN_UNINITIALIZED_AUTOS = YES_AGGRESSIVE;
				GCC_WARN_UNUSED_FUNCTION = YES;
				GCC_WARN_UNUSED_VARIABLE = YES;
				IPHONEOS_DEPLOYMENT_TARGET = 18.2;
				LOCALIZATION_PREFERS_STRING_CATALOGS = YES;
				MTL_ENABLE_DEBUG_INFO = INCLUDE_SOURCE;
				MTL_FAST_MATH = YES;
				ONLY_ACTIVE_ARCH = YES;
				SDKROOT = iphoneos;
				SWIFT_ACTIVE_COMPILATION_CONDITIONS = "DEBUG $(inherited)";
				SWIFT_OPTIMIZATION_LEVEL = "-Onone";
			};
			name = Debug;
		};
		D786E3CE2E33AEAD00BE592C /* Release */ = {
			isa = XCBuildConfiguration;
			buildSettings = {
				ALWAYS_SEARCH_USER_PATHS = NO;
				ASSETCATALOG_COMPILER_GENERATE_SWIFT_ASSET_SYMBOL_EXTENSIONS = YES;
				CLANG_ANALYZER_NONNULL = YES;
				CLANG_ANALYZER_NUMBER_OBJECT_CONVERSION = YES_AGGRESSIVE;
				CLANG_CXX_LANGUAGE_STANDARD = "gnu++20";
				CLANG_ENABLE_MODULES = YES;
				CLANG_ENABLE_OBJC_ARC = YES;
				CLANG_ENABLE_OBJC_WEAK = YES;
				CLANG_WARN_BLOCK_CAPTURE_AUTORELEASING = YES;
				CLANG_WARN_BOOL_CONVERSION = YES;
				CLANG_WARN_COMMA = YES;
				CLANG_WARN_CONSTANT_CONVERSION = YES;
				CLANG_WARN_DEPRECATED_OBJC_IMPLEMENTATIONS = YES;
				CLANG_WARN_DIRECT_OBJC_ISA_USAGE = YES_ERROR;
				CLANG_WARN_DOCUMENTATION_COMMENTS = YES;
				CLANG_WARN_EMPTY_BODY = YES;
				CLANG_WARN_ENUM_CONVERSION = YES;
				CLANG_WARN_INFINITE_RECURSION = YES;
				CLANG_WARN_INT_CONVERSION = YES;
				CLANG_WARN_NON_LITERAL_NULL_CONVERSION = YES;
				CLANG_WARN_OBJC_IMPLICIT_RETAIN_SELF = YES;
				CLANG_WARN_OBJC_LITERAL_CONVERSION = YES;
				CLANG_WARN_OBJC_ROOT_CLASS = YES_ERROR;
				CLANG_WARN_QUOTED_INCLUDE_IN_FRAMEWORK_HEADER = YES;
				CLANG_WARN_RANGE_LOOP_ANALYSIS = YES;
				CLANG_WARN_STRICT_PROTOTYPES = YES;
				CLANG_WARN_SUSPICIOUS_MOVE = YES;
				CLANG_WARN_UNGUARDED_AVAILABILITY = YES_AGGRESSIVE;
				CLANG_WARN_UNREACHABLE_CODE = YES;
				CLANG_WARN__DUPLICATE_METHOD_MATCH = YES;
				COPY_PHASE_STRIP = NO;
				DEBUG_INFORMATION_FORMAT = "dwarf-with-dsym";
				ENABLE_NS_ASSERTIONS = NO;
				ENABLE_STRICT_OBJC_MSGSEND = YES;
				ENABLE_USER_SCRIPT_SANDBOXING = YES;
				GCC_C_LANGUAGE_STANDARD = gnu17;
				GCC_NO_COMMON_BLOCKS = YES;
				GCC_WARN_64_TO_32_BIT_CONVERSION = YES;
				GCC_WARN_ABOUT_RETURN_TYPE = YES_ERROR;
				GCC_WARN_UNDECLARED_SELECTOR = YES;
				GCC_WARN_UNINITIALIZED_AUTOS = YES_AGGRESSIVE;
				GCC_WARN_UNUSED_FUNCTION = YES;
				GCC_WARN_UNUSED_VARIABLE = YES;
				IPHONEOS_DEPLOYMENT_TARGET = 18.2;
				LOCALIZATION_PREFERS_STRING_CATALOGS = YES;
				MTL_ENABLE_DEBUG_INFO = NO;
				MTL_FAST_MATH = YES;
				SDKROOT = iphoneos;
				SWIFT_COMPILATION_MODE = wholemodule;
				VALIDATE_PRODUCT = YES;
			};
			name = Release;
		};
		D786E3D02E33AEAD00BE592C /* Debug */ = {
			isa = XCBuildConfiguration;
			buildSettings = {
				ASSETCATALOG_COMPILER_APPICON_NAME = AppIcon;
				ASSETCATALOG_COMPILER_GLOBAL_ACCENT_COLOR_NAME = AccentColor;
				CODE_SIGN_ENTITLEMENTS = Goalr/Goalr.entitlements;
				CODE_SIGN_STYLE = Automatic;
				CURRENT_PROJECT_VERSION = 1;
				DEVELOPMENT_ASSET_PATHS = "\"Goalr/Preview Content\"";
				DEVELOPMENT_TEAM = NKM7GB8AU3;
				ENABLE_PREVIEWS = YES;
				GENERATE_INFOPLIST_FILE = YES;
				INFOPLIST_FILE = Goalr/Info.plist;
				INFOPLIST_KEY_UIApplicationSceneManifest_Generation = YES;
				INFOPLIST_KEY_UIApplicationSupportsIndirectInputEvents = YES;
				INFOPLIST_KEY_UILaunchScreen_Generation = YES;
				INFOPLIST_KEY_UISupportedInterfaceOrientations_iPad = "UIInterfaceOrientationPortrait UIInterfaceOrientationPortraitUpsideDown UIInterfaceOrientationLandscapeLeft UIInterfaceOrientationLandscapeRight";
				INFOPLIST_KEY_UISupportedInterfaceOrientations_iPhone = "UIInterfaceOrientationPortrait UIInterfaceOrientationLandscapeLeft UIInterfaceOrientationLandscapeRight";
				IPHONEOS_DEPLOYMENT_TARGET = 17.6;
				LD_RUNPATH_SEARCH_PATHS = (
					"$(inherited)",
					"@executable_path/Frameworks",
				);
				MARKETING_VERSION = 1.0;
				PRODUCT_BUNDLE_IDENTIFIER = com.ajaytechsolutions.com.Goalr;
				PRODUCT_NAME = "$(TARGET_NAME)";
				SWIFT_EMIT_LOC_STRINGS = YES;
				SWIFT_VERSION = 5.0;
				TARGETED_DEVICE_FAMILY = "1,2";
			};
			name = Debug;
		};
		D786E3D12E33AEAD00BE592C /* Release */ = {
			isa = XCBuildConfiguration;
			buildSettings = {
				ASSETCATALOG_COMPILER_APPICON_NAME = AppIcon;
				ASSETCATALOG_COMPILER_GLOBAL_ACCENT_COLOR_NAME = AccentColor;
				CODE_SIGN_ENTITLEMENTS = Goalr/Goalr.entitlements;
				CODE_SIGN_STYLE = Automatic;
				CURRENT_PROJECT_VERSION = 1;
				DEVELOPMENT_ASSET_PATHS = "\"Goalr/Preview Content\"";
				DEVELOPMENT_TEAM = NKM7GB8AU3;
				ENABLE_PREVIEWS = YES;
				GENERATE_INFOPLIST_FILE = YES;
				INFOPLIST_FILE = Goalr/Info.plist;
				INFOPLIST_KEY_UIApplicationSceneManifest_Generation = YES;
				INFOPLIST_KEY_UIApplicationSupportsIndirectInputEvents = YES;
				INFOPLIST_KEY_UILaunchScreen_Generation = YES;
				INFOPLIST_KEY_UISupportedInterfaceOrientations_iPad = "UIInterfaceOrientationPortrait UIInterfaceOrientationPortraitUpsideDown UIInterfaceOrientationLandscapeLeft UIInterfaceOrientationLandscapeRight";
				INFOPLIST_KEY_UISupportedInterfaceOrientations_iPhone = "UIInterfaceOrientationPortrait UIInterfaceOrientationLandscapeLeft UIInterfaceOrientationLandscapeRight";
				IPHONEOS_DEPLOYMENT_TARGET = 17.6;
				LD_RUNPATH_SEARCH_PATHS = (
					"$(inherited)",
					"@executable_path/Frameworks",
				);
				MARKETING_VERSION = 1.0;
				PRODUCT_BUNDLE_IDENTIFIER = com.ajaytechsolutions.com.Goalr;
				PRODUCT_NAME = "$(TARGET_NAME)";
				SWIFT_EMIT_LOC_STRINGS = YES;
				SWIFT_VERSION = 5.0;
				TARGETED_DEVICE_FAMILY = "1,2";
			};
			name = Release;
		};
		D786E3D32E33AEAD00BE592C /* Debug */ = {
			isa = XCBuildConfiguration;
			buildSettings = {
				BUNDLE_LOADER = "$(TEST_HOST)";
				CODE_SIGN_STYLE = Automatic;
				CURRENT_PROJECT_VERSION = 1;
				DEVELOPMENT_TEAM = NKM7GB8AU3;
				GENERATE_INFOPLIST_FILE = YES;
				IPHONEOS_DEPLOYMENT_TARGET = 18.2;
				MARKETING_VERSION = 1.0;
				PRODUCT_BUNDLE_IDENTIFIER = com.ajaytechsolutions.com.GoalrTests;
				PRODUCT_NAME = "$(TARGET_NAME)";
				SWIFT_EMIT_LOC_STRINGS = NO;
				SWIFT_VERSION = 5.0;
				TARGETED_DEVICE_FAMILY = "1,2";
				TEST_HOST = "$(BUILT_PRODUCTS_DIR)/Goalr.app/$(BUNDLE_EXECUTABLE_FOLDER_PATH)/Goalr";
			};
			name = Debug;
		};
		D786E3D42E33AEAD00BE592C /* Release */ = {
			isa = XCBuildConfiguration;
			buildSettings = {
				BUNDLE_LOADER = "$(TEST_HOST)";
				CODE_SIGN_STYLE = Automatic;
				CURRENT_PROJECT_VERSION = 1;
				DEVELOPMENT_TEAM = NKM7GB8AU3;
				GENERATE_INFOPLIST_FILE = YES;
				IPHONEOS_DEPLOYMENT_TARGET = 18.2;
				MARKETING_VERSION = 1.0;
				PRODUCT_BUNDLE_IDENTIFIER = com.ajaytechsolutions.com.GoalrTests;
				PRODUCT_NAME = "$(TARGET_NAME)";
				SWIFT_EMIT_LOC_STRINGS = NO;
				SWIFT_VERSION = 5.0;
				TARGETED_DEVICE_FAMILY = "1,2";
				TEST_HOST = "$(BUILT_PRODUCTS_DIR)/Goalr.app/$(BUNDLE_EXECUTABLE_FOLDER_PATH)/Goalr";
			};
			name = Release;
		};
		D786E3D62E33AEAD00BE592C /* Debug */ = {
			isa = XCBuildConfiguration;
			buildSettings = {
				CODE_SIGN_STYLE = Automatic;
				CURRENT_PROJECT_VERSION = 1;
				DEVELOPMENT_TEAM = NKM7GB8AU3;
				GENERATE_INFOPLIST_FILE = YES;
				MARKETING_VERSION = 1.0;
				PRODUCT_BUNDLE_IDENTIFIER = com.ajaytechsolutions.com.GoalrUITests;
				PRODUCT_NAME = "$(TARGET_NAME)";
				SWIFT_EMIT_LOC_STRINGS = NO;
				SWIFT_VERSION = 5.0;
				TARGETED_DEVICE_FAMILY = "1,2";
				TEST_TARGET_NAME = Goalr;
			};
			name = Debug;
		};
		D786E3D72E33AEAD00BE592C /* Release */ = {
			isa = XCBuildConfiguration;
			buildSettings = {
				CODE_SIGN_STYLE = Automatic;
				CURRENT_PROJECT_VERSION = 1;
				DEVELOPMENT_TEAM = NKM7GB8AU3;
				GENERATE_INFOPLIST_FILE = YES;
				MARKETING_VERSION = 1.0;
				PRODUCT_BUNDLE_IDENTIFIER = com.ajaytechsolutions.com.GoalrUITests;
				PRODUCT_NAME = "$(TARGET_NAME)";
				SWIFT_EMIT_LOC_STRINGS = NO;
				SWIFT_VERSION = 5.0;
				TARGETED_DEVICE_FAMILY = "1,2";
				TEST_TARGET_NAME = Goalr;
			};
			name = Release;
		};
/* End XCBuildConfiguration section */

/* Begin XCConfigurationList section */
		D786E3A62E33AEA900BE592C /* Build configuration list for PBXProject "Goalr" */ = {
			isa = XCConfigurationList;
			buildConfigurations = (
				D786E3CD2E33AEAD00BE592C /* Debug */,
				D786E3CE2E33AEAD00BE592C /* Release */,
			);
			defaultConfigurationIsVisible = 0;
			defaultConfigurationName = Release;
		};
		D786E3CF2E33AEAD00BE592C /* Build configuration list for PBXNativeTarget "Goalr" */ = {
			isa = XCConfigurationList;
			buildConfigurations = (
				D786E3D02E33AEAD00BE592C /* Debug */,
				D786E3D12E33AEAD00BE592C /* Release */,
			);
			defaultConfigurationIsVisible = 0;
			defaultConfigurationName = Release;
		};
		D786E3D22E33AEAD00BE592C /* Build configuration list for PBXNativeTarget "GoalrTests" */ = {
			isa = XCConfigurationList;
			buildConfigurations = (
				D786E3D32E33AEAD00BE592C /* Debug */,
				D786E3D42E33AEAD00BE592C /* Release */,
			);
			defaultConfigurationIsVisible = 0;
			defaultConfigurationName = Release;
		};
		D786E3D52E33AEAD00BE592C /* Build configuration list for PBXNativeTarget "GoalrUITests" */ = {
			isa = XCConfigurationList;
			buildConfigurations = (
				D786E3D62E33AEAD00BE592C /* Debug */,
				D786E3D72E33AEAD00BE592C /* Release */,
			);
			defaultConfigurationIsVisible = 0;
			defaultConfigurationName = Release;
		};
/* End XCConfigurationList section */
	};
	rootObject = D786E3A32E33AEA900BE592C /* Project object */;
}
